
Microsoft Visual Studio Solution File, Format Version 12.00
# Visual Studio 15
VisualStudioVersion = 15.0.27130.0
MinimumVisualStudioVersion = 10.0.40219.1
Project("{FAE04EC0-301F-11D3-BF4B-00C04F79EFBC}") = "LukeCowley.Web", "LukeCowley.Web\LukeCowley.Web.csproj", "{2C91504E-5678-4CB2-B3AD-F430D9F7E6FD}"
EndProject
Global
	GlobalSection(SolutionConfigurationPlatforms) = preSolution
		Debug|Any CPU = Debug|Any CPU
		Release|Any CPU = Release|Any CPU
	EndGlobalSection
	GlobalSection(ProjectConfigurationPlatforms) = postSolution
		{2C91504E-5678-4CB2-B3AD-F430D9F7E6FD}.Debug|Any CPU.ActiveCfg = Debug|Any CPU
		{2C91504E-5678-4CB2-B3AD-F430D9F7E6FD}.Debug|Any CPU.Build.0 = Debug|Any CPU
		{2C91504E-5678-4CB2-B3AD-F430D9F7E6FD}.Release|Any CPU.ActiveCfg = Release|Any CPU
		{2C91504E-5678-4CB2-B3AD-F430D9F7E6FD}.Release|Any CPU.Build.0 = Release|Any CPU
	EndGlobalSection
	GlobalSection(SolutionProperties) = preSolution
		HideSolutionNode = FALSE
	EndGlobalSection
	GlobalSection(ExtensibilityGlobals) = postSolution
		SolutionGuid = {8BB8BBE6-F97E-4F09-A314-8B32A6D3759B}
	EndGlobalSection
EndGlobal
